// !$*UTF8*$!
{
	archiveVersion = 1;
	classes = {
	};
	objectVersion = 46;
	objects = {

/* Begin PBXBuildFile section */
		29CFF7F91E8A739B008F8FE8 /* AppDelegate.swift in Sources */ = {isa = PBXBuildFile; fileRef = 29CFF7F81E8A739B008F8FE8 /* AppDelegate.swift */; };
		29CFF7FB1E8A739B008F8FE8 /* ViewController.swift in Sources */ = {isa = PBXBuildFile; fileRef = 29CFF7FA1E8A739B008F8FE8 /* ViewController.swift */; };
		29CFF8001E8A739C008F8FE8 /* Assets.xcassets in Resources */ = {isa = PBXBuildFile; fileRef = 29CFF7FF1E8A739B008F8FE8 /* Assets.xcassets */; };
		29CFF8031E8A739C008F8FE8 /* LaunchScreen.storyboard in Resources */ = {isa = PBXBuildFile; fileRef = 29CFF8011E8A739C008F8FE8 /* LaunchScreen.storyboard */; };
		29CFF80B1E8A7568008F8FE8 /* GoogleService-Info.plist in Resources */ = {isa = PBXBuildFile; fileRef = 29CFF80A1E8A7568008F8FE8 /* GoogleService-Info.plist */; };
		29CFF8131E8A8F4B008F8FE8 /* Main.storyboard in Resources */ = {isa = PBXBuildFile; fileRef = 29CFF8121E8A8F4B008F8FE8 /* Main.storyboard */; };
		29CFF8151E8B837E008F8FE8 /* SecondViewController.swift in Sources */ = {isa = PBXBuildFile; fileRef = 29CFF8141E8B837E008F8FE8 /* SecondViewController.swift */; };
		29CFF81A1E8CC9A2008F8FE8 /* ChatViewController.swift in Sources */ = {isa = PBXBuildFile; fileRef = 29CFF8181E8CC9A2008F8FE8 /* ChatViewController.swift */; };
		29CFF81B1E8CC9A2008F8FE8 /* ChatViewController.xib in Resources */ = {isa = PBXBuildFile; fileRef = 29CFF8191E8CC9A2008F8FE8 /* ChatViewController.xib */; };
		29CFF81E1E8CC9FE008F8FE8 /* ChatViewCell.swift in Sources */ = {isa = PBXBuildFile; fileRef = 29CFF81C1E8CC9FE008F8FE8 /* ChatViewCell.swift */; };
		29CFF81F1E8CC9FE008F8FE8 /* ChatViewCell.xib in Resources */ = {isa = PBXBuildFile; fileRef = 29CFF81D1E8CC9FE008F8FE8 /* ChatViewCell.xib */; };
		29CFF8231E8CE9D4008F8FE8 /* CustomTextField.swift in Sources */ = {isa = PBXBuildFile; fileRef = 29CFF8221E8CE9D4008F8FE8 /* CustomTextField.swift */; };
		29CFF8251E8D0D4E008F8FE8 /* ChatDataStore.swift in Sources */ = {isa = PBXBuildFile; fileRef = 29CFF8241E8D0D4E008F8FE8 /* ChatDataStore.swift */; };
		DA1D23ED5A8FDD49D8AD5B7F /* Pods_FirebaseDemo.framework in Frameworks */ = {isa = PBXBuildFile; fileRef = 002A6BEEF2DB76A586A9F046 /* Pods_FirebaseDemo.framework */; };
/* End PBXBuildFile section */

/* Begin PBXFileReference section */
		002A6BEEF2DB76A586A9F046 /* Pods_FirebaseDemo.framework */ = {isa = PBXFileReference; explicitFileType = wrapper.framework; includeInIndex = 0; path = Pods_FirebaseDemo.framework; sourceTree = BUILT_PRODUCTS_DIR; };
		29CFF7F51E8A739B008F8FE8 /* FirebaseDemo.app */ = {isa = PBXFileReference; explicitFileType = wrapper.application; includeInIndex = 0; path = FirebaseDemo.app; sourceTree = BUILT_PRODUCTS_DIR; };
		29CFF7F81E8A739B008F8FE8 /* AppDelegate.swift */ = {isa = PBXFileReference; lastKnownFileType = sourcecode.swift; path = AppDelegate.swift; sourceTree = "<group>"; };
		29CFF7FA1E8A739B008F8FE8 /* ViewController.swift */ = {isa = PBXFileReference; lastKnownFileType = sourcecode.swift; path = ViewController.swift; sourceTree = "<group>"; };
		29CFF7FF1E8A739B008F8FE8 /* Assets.xcassets */ = {isa = PBXFileReference; lastKnownFileType = folder.assetcatalog; path = Assets.xcassets; sourceTree = "<group>"; };
		29CFF8021E8A739C008F8FE8 /* Base */ = {isa = PBXFileReference; lastKnownFileType = file.storyboard; name = Base; path = Base.lproj/LaunchScreen.storyboard; sourceTree = "<group>"; };
		29CFF8041E8A739C008F8FE8 /* Info.plist */ = {isa = PBXFileReference; lastKnownFileType = text.plist.xml; path = Info.plist; sourceTree = "<group>"; };
		29CFF80A1E8A7568008F8FE8 /* GoogleService-Info.plist */ = {isa = PBXFileReference; fileEncoding = 4; lastKnownFileType = text.plist.xml; path = "GoogleService-Info.plist"; sourceTree = "<group>"; };
		29CFF8121E8A8F4B008F8FE8 /* Main.storyboard */ = {isa = PBXFileReference; fileEncoding = 4; lastKnownFileType = file.storyboard; path = Main.storyboard; sourceTree = "<group>"; };
		29CFF8141E8B837E008F8FE8 /* SecondViewController.swift */ = {isa = PBXFileReference; fileEncoding = 4; lastKnownFileType = sourcecode.swift; path = SecondViewController.swift; sourceTree = "<group>"; };
		29CFF8181E8CC9A2008F8FE8 /* ChatViewController.swift */ = {isa = PBXFileReference; fileEncoding = 4; lastKnownFileType = sourcecode.swift; path = ChatViewController.swift; sourceTree = "<group>"; };
		29CFF8191E8CC9A2008F8FE8 /* ChatViewController.xib */ = {isa = PBXFileReference; fileEncoding = 4; lastKnownFileType = file.xib; path = ChatViewController.xib; sourceTree = "<group>"; };
		29CFF81C1E8CC9FE008F8FE8 /* ChatViewCell.swift */ = {isa = PBXFileReference; fileEncoding = 4; lastKnownFileType = sourcecode.swift; path = ChatViewCell.swift; sourceTree = "<group>"; };
		29CFF81D1E8CC9FE008F8FE8 /* ChatViewCell.xib */ = {isa = PBXFileReference; fileEncoding = 4; lastKnownFileType = file.xib; path = ChatViewCell.xib; sourceTree = "<group>"; };
		29CFF8221E8CE9D4008F8FE8 /* CustomTextField.swift */ = {isa = PBXFileReference; fileEncoding = 4; lastKnownFileType = sourcecode.swift; path = CustomTextField.swift; sourceTree = "<group>"; };
		29CFF8241E8D0D4E008F8FE8 /* ChatDataStore.swift */ = {isa = PBXFileReference; fileEncoding = 4; lastKnownFileType = sourcecode.swift; path = ChatDataStore.swift; sourceTree = "<group>"; };
		58930104F0872760187F7634 /* Pods-FirebaseDemo.debug.xcconfig */ = {isa = PBXFileReference; includeInIndex = 1; lastKnownFileType = text.xcconfig; name = "Pods-FirebaseDemo.debug.xcconfig"; path = "Pods/Target Support Files/Pods-FirebaseDemo/Pods-FirebaseDemo.debug.xcconfig"; sourceTree = "<group>"; };
		BDD36084E78540B5BAD66BA7 /* Pods-FirebaseDemo.release.xcconfig */ = {isa = PBXFileReference; includeInIndex = 1; lastKnownFileType = text.xcconfig; name = "Pods-FirebaseDemo.release.xcconfig"; path = "Pods/Target Support Files/Pods-FirebaseDemo/Pods-FirebaseDemo.release.xcconfig"; sourceTree = "<group>"; };
/* End PBXFileReference section */

/* Begin PBXFrameworksBuildPhase section */
		29CFF7F21E8A739B008F8FE8 /* Frameworks */ = {
			isa = PBXFrameworksBuildPhase;
			buildActionMask = 2147483647;
			files = (
				DA1D23ED5A8FDD49D8AD5B7F /* Pods_FirebaseDemo.framework in Frameworks */,
			);
			runOnlyForDeploymentPostprocessing = 0;
		};
/* End PBXFrameworksBuildPhase section */

/* Begin PBXGroup section */
		29CFF7EC1E8A739A008F8FE8 = {
			isa = PBXGroup;
			children = (
				29CFF7F71E8A739B008F8FE8 /* FirebaseDemo */,
				29CFF7F61E8A739B008F8FE8 /* Products */,
				81872217FED8EE3F6FC3242C /* Pods */,
				E9C03C12E098859E027BB7CD /* Frameworks */,
			);
			sourceTree = "<group>";
		};
		29CFF7F61E8A739B008F8FE8 /* Products */ = {
			isa = PBXGroup;
			children = (
				29CFF7F51E8A739B008F8FE8 /* FirebaseDemo.app */,
			);
			name = Products;
			sourceTree = "<group>";
		};
		29CFF7F71E8A739B008F8FE8 /* FirebaseDemo */ = {
			isa = PBXGroup;
			children = (
				29CFF7F81E8A739B008F8FE8 /* AppDelegate.swift */,
				29CFF8121E8A8F4B008F8FE8 /* Main.storyboard */,
				29CFF80A1E8A7568008F8FE8 /* GoogleService-Info.plist */,
				29CFF8201E8CD990008F8FE8 /* Chat */,
				29CFF8181E8CC9A2008F8FE8 /* ChatViewController.swift */,
				29CFF8241E8D0D4E008F8FE8 /* ChatDataStore.swift */,
				29CFF8191E8CC9A2008F8FE8 /* ChatViewController.xib */,
				29CFF8221E8CE9D4008F8FE8 /* CustomTextField.swift */,
				29CFF81C1E8CC9FE008F8FE8 /* ChatViewCell.swift */,
				29CFF81D1E8CC9FE008F8FE8 /* ChatViewCell.xib */,
				29CFF8211E8CD9AC008F8FE8 /* LoginFireBase */,
				29CFF7FF1E8A739B008F8FE8 /* Assets.xcassets */,
				29CFF8011E8A739C008F8FE8 /* LaunchScreen.storyboard */,
				29CFF8041E8A739C008F8FE8 /* Info.plist */,
			);
			path = FirebaseDemo;
			sourceTree = "<group>";
		};
		29CFF8201E8CD990008F8FE8 /* Chat */ = {
			isa = PBXGroup;
			children = (
			);
			name = Chat;
			sourceTree = "<group>";
		};
		29CFF8211E8CD9AC008F8FE8 /* LoginFireBase */ = {
			isa = PBXGroup;
			children = (
				29CFF8141E8B837E008F8FE8 /* SecondViewController.swift */,
				29CFF7FA1E8A739B008F8FE8 /* ViewController.swift */,
			);
			name = LoginFireBase;
			sourceTree = "<group>";
		};
		81872217FED8EE3F6FC3242C /* Pods */ = {
			isa = PBXGroup;
			children = (
				58930104F0872760187F7634 /* Pods-FirebaseDemo.debug.xcconfig */,
				BDD36084E78540B5BAD66BA7 /* Pods-FirebaseDemo.release.xcconfig */,
			);
			name = Pods;
			sourceTree = "<group>";
		};
		E9C03C12E098859E027BB7CD /* Frameworks */ = {
			isa = PBXGroup;
			children = (
				002A6BEEF2DB76A586A9F046 /* Pods_FirebaseDemo.framework */,
			);
			name = Frameworks;
			sourceTree = "<group>";
		};
/* End PBXGroup section */

/* Begin PBXNativeTarget section */
		29CFF7F41E8A739B008F8FE8 /* FirebaseDemo */ = {
			isa = PBXNativeTarget;
			buildConfigurationList = 29CFF8071E8A739C008F8FE8 /* Build configuration list for PBXNativeTarget "FirebaseDemo" */;
			buildPhases = (
				FB3FA2E8F1F2238C983FDBA3 /* [CP] Check Pods Manifest.lock */,
				29CFF7F11E8A739B008F8FE8 /* Sources */,
				29CFF7F21E8A739B008F8FE8 /* Frameworks */,
				29CFF7F31E8A739B008F8FE8 /* Resources */,
				2BD12A2B6A521EFFA358804F /* [CP] Embed Pods Frameworks */,
				254618E3071DAC4324FB53A7 /* [CP] Copy Pods Resources */,
			);
			buildRules = (
			);
			dependencies = (
			);
			name = FirebaseDemo;
			productName = FirebaseDemo;
			productReference = 29CFF7F51E8A739B008F8FE8 /* FirebaseDemo.app */;
			productType = "com.apple.product-type.application";
		};
/* End PBXNativeTarget section */

/* Begin PBXProject section */
		29CFF7ED1E8A739A008F8FE8 /* Project object */ = {
			isa = PBXProject;
			attributes = {
				LastSwiftUpdateCheck = 0810;
				LastUpgradeCheck = 0810;
				ORGANIZATIONNAME = SA;
				TargetAttributes = {
					29CFF7F41E8A739B008F8FE8 = {
						CreatedOnToolsVersion = 8.1;
						ProvisioningStyle = Automatic;
					};
				};
			};
			buildConfigurationList = 29CFF7F01E8A739A008F8FE8 /* Build configuration list for PBXProject "FirebaseDemo" */;
			compatibilityVersion = "Xcode 3.2";
			developmentRegion = English;
			hasScannedForEncodings = 0;
			knownRegions = (
				en,
				Base,
			);
			mainGroup = 29CFF7EC1E8A739A008F8FE8;
			productRefGroup = 29CFF7F61E8A739B008F8FE8 /* Products */;
			projectDirPath = "";
			projectRoot = "";
			targets = (
				29CFF7F41E8A739B008F8FE8 /* FirebaseDemo */,
			);
		};
/* End PBXProject section */

/* Begin PBXResourcesBuildPhase section */
		29CFF7F31E8A739B008F8FE8 /* Resources */ = {
			isa = PBXResourcesBuildPhase;
			buildActionMask = 2147483647;
			files = (
				29CFF8031E8A739C008F8FE8 /* LaunchScreen.storyboard in Resources */,
				29CFF8001E8A739C008F8FE8 /* Assets.xcassets in Resources */,
				29CFF81F1E8CC9FE008F8FE8 /* ChatViewCell.xib in Resources */,
				29CFF80B1E8A7568008F8FE8 /* GoogleService-Info.plist in Resources */,
				29CFF81B1E8CC9A2008F8FE8 /* ChatViewController.xib in Resources */,
				29CFF8131E8A8F4B008F8FE8 /* Main.storyboard in Resources */,
			);
			runOnlyForDeploymentPostprocessing = 0;
		};
/* End PBXResourcesBuildPhase section */

/* Begin PBXShellScriptBuildPhase section */
		254618E3071DAC4324FB53A7 /* [CP] Copy Pods Resources */ = {
			isa = PBXShellScriptBuildPhase;
			buildActionMask = 2147483647;
			files = (
			);
			inputPaths = (
			);
			name = "[CP] Copy Pods Resources";
			outputPaths = (
			);
			runOnlyForDeploymentPostprocessing = 0;
			shellPath = /bin/sh;
			shellScript = "\"${SRCROOT}/Pods/Target Support Files/Pods-FirebaseDemo/Pods-FirebaseDemo-resources.sh\"\n";
			showEnvVarsInLog = 0;
		};
		2BD12A2B6A521EFFA358804F /* [CP] Embed Pods Frameworks */ = {
			isa = PBXShellScriptBuildPhase;
			buildActionMask = 2147483647;
			files = (
			);
			inputPaths = (
			);
			name = "[CP] Embed Pods Frameworks";
			outputPaths = (
			);
			runOnlyForDeploymentPostprocessing = 0;
			shellPath = /bin/sh;
			shellScript = "\"${SRCROOT}/Pods/Target Support Files/Pods-FirebaseDemo/Pods-FirebaseDemo-frameworks.sh\"\n";
			showEnvVarsInLog = 0;
		};
		FB3FA2E8F1F2238C983FDBA3 /* [CP] Check Pods Manifest.lock */ = {
			isa = PBXShellScriptBuildPhase;
			buildActionMask = 2147483647;
			files = (
			);
			inputPaths = (
			);
			name = "[CP] Check Pods Manifest.lock";
			outputPaths = (
			);
			runOnlyForDeploymentPostprocessing = 0;
			shellPath = /bin/sh;
			shellScript = "diff \"${PODS_ROOT}/../Podfile.lock\" \"${PODS_ROOT}/Manifest.lock\" > /dev/null\nif [ $? != 0 ] ; then\n    # print error to STDERR\n    echo \"error: The sandbox is not in sync with the Podfile.lock. Run 'pod install' or update your CocoaPods installation.\" >&2\n    exit 1\nfi\n";
			showEnvVarsInLog = 0;
		};
/* End PBXShellScriptBuildPhase section */

/* Begin PBXSourcesBuildPhase section */
		29CFF7F11E8A739B008F8FE8 /* Sources */ = {
			isa = PBXSourcesBuildPhase;
			buildActionMask = 2147483647;
			files = (
				29CFF81E1E8CC9FE008F8FE8 /* ChatViewCell.swift in Sources */,
				29CFF8251E8D0D4E008F8FE8 /* ChatDataStore.swift in Sources */,
				29CFF8151E8B837E008F8FE8 /* SecondViewController.swift in Sources */,
				29CFF8231E8CE9D4008F8FE8 /* CustomTextField.swift in Sources */,
				29CFF7FB1E8A739B008F8FE8 /* ViewController.swift in Sources */,
				29CFF81A1E8CC9A2008F8FE8 /* ChatViewController.swift in Sources */,
				29CFF7F91E8A739B008F8FE8 /* AppDelegate.swift in Sources */,
			);
			runOnlyForDeploymentPostprocessing = 0;
		};
/* End PBXSourcesBuildPhase section */

/* Begin PBXVariantGroup section */
		29CFF8011E8A739C008F8FE8 /* LaunchScreen.storyboard */ = {
			isa = PBXVariantGroup;
			children = (
				29CFF8021E8A739C008F8FE8 /* Base */,
			);
			name = LaunchScreen.storyboard;
			sourceTree = "<group>";
		};
/* End PBXVariantGroup section */

/* Begin XCBuildConfiguration section */
		29CFF8051E8A739C008F8FE8 /* Debug */ = {
			isa = XCBuildConfiguration;
			buildSettings = {
				ALWAYS_SEARCH_USER_PATHS = NO;
				CLANG_ANALYZER_NONNULL = YES;
				CLANG_CXX_LANGUAGE_STANDARD = "gnu++0x";
				CLANG_CXX_LIBRARY = "libc++";
				CLANG_ENABLE_MODULES = YES;
				CLANG_ENABLE_OBJC_ARC = YES;
				CLANG_WARN_BOOL_CONVERSION = YES;
				CLANG_WARN_CONSTANT_CONVERSION = YES;
				CLANG_WARN_DIRECT_OBJC_ISA_USAGE = YES_ERROR;
				CLANG_WARN_DOCUMENTATION_COMMENTS = YES;
				CLANG_WARN_EMPTY_BODY = YES;
				CLANG_WARN_ENUM_CONVERSION = YES;
				CLANG_WARN_INFINITE_RECURSION = YES;
				CLANG_WARN_INT_CONVERSION = YES;
				CLANG_WARN_OBJC_ROOT_CLASS = YES_ERROR;
				CLANG_WARN_SUSPICIOUS_MOVES = YES;
				CLANG_WARN_UNREACHABLE_CODE = YES;
				CLANG_WARN__DUPLICATE_METHOD_MATCH = YES;
				"CODE_SIGN_IDENTITY[sdk=iphoneos*]" = "iPhone Developer";
				COPY_PHASE_STRIP = NO;
				DEBUG_INFORMATION_FORMAT = dwarf;
				ENABLE_STRICT_OBJC_MSGSEND = YES;
				ENABLE_TESTABILITY = YES;
				GCC_C_LANGUAGE_STANDARD = gnu99;
				GCC_DYNAMIC_NO_PIC = NO;
				GCC_NO_COMMON_BLOCKS = YES;
				GCC_OPTIMIZATION_LEVEL = 0;
				GCC_PREPROCESSOR_DEFINITIONS = (
					"DEBUG=1",
					"$(inherited)",
				);
				GCC_WARN_64_TO_32_BIT_CONVERSION = YES;
				GCC_WARN_ABOUT_RETURN_TYPE = YES_ERROR;
				GCC_WARN_UNDECLARED_SELECTOR = YES;
				GCC_WARN_UNINITIALIZED_AUTOS = YES_AGGRESSIVE;
				GCC_WARN_UNUSED_FUNCTION = YES;
				GCC_WARN_UNUSED_VARIABLE = YES;
				IPHONEOS_DEPLOYMENT_TARGET = 10.1;
				MTL_ENABLE_DEBUG_INFO = YES;
				ONLY_ACTIVE_ARCH = YES;
				SDKROOT = iphoneos;
				SWIFT_ACTIVE_COMPILATION_CONDITIONS = DEBUG;
				SWIFT_OPTIMIZATION_LEVEL = "-Onone";
				TARGETED_DEVICE_FAMILY = "1,2";
			};
			name = Debug;
		};
		29CFF8061E8A739C008F8FE8 /* Release */ = {
			isa = XCBuildConfiguration;
			buildSettings = {
				ALWAYS_SEARCH_USER_PATHS = NO;
				CLANG_ANALYZER_NONNULL = YES;
				CLANG_CXX_LANGUAGE_STANDARD = "gnu++0x";
				CLANG_CXX_LIBRARY = "libc++";
				CLANG_ENABLE_MODULES = YES;
				CLANG_ENABLE_OBJC_ARC = YES;
				CLANG_WARN_BOOL_CONVERSION = YES;
				CLANG_WARN_CONSTANT_CONVERSION = YES;
				CLANG_WARN_DIRECT_OBJC_ISA_USAGE = YES_ERROR;
				CLANG_WARN_DOCUMENTATION_COMMENTS = YES;
				CLANG_WARN_EMPTY_BODY = YES;
				CLANG_WARN_ENUM_CONVERSION = YES;
				CLANG_WARN_INFINITE_RECURSION = YES;
				CLANG_WARN_INT_CONVERSION = YES;
				CLANG_WARN_OBJC_ROOT_CLASS = YES_ERROR;
				CLANG_WARN_SUSPICIOUS_MOVES = YES;
				CLANG_WARN_UNREACHABLE_CODE = YES;
				CLANG_WARN__DUPLICATE_METHOD_MATCH = YES;
				"CODE_SIGN_IDENTITY[sdk=iphoneos*]" = "iPhone Developer";
				COPY_PHASE_STRIP = NO;
				DEBUG_INFORMATION_FORMAT = "dwarf-with-dsym";
				ENABLE_NS_ASSERTIONS = NO;
				ENABLE_STRICT_OBJC_MSGSEND = YES;
				GCC_C_LANGUAGE_STANDARD = gnu99;
				GCC_NO_COMMON_BLOCKS = YES;
				GCC_WARN_64_TO_32_BIT_CONVERSION = YES;
				GCC_WARN_ABOUT_RETURN_TYPE = YES_ERROR;
				GCC_WARN_UNDECLARED_SELECTOR = YES;
				GCC_WARN_UNINITIALIZED_AUTOS = YES_AGGRESSIVE;
				GCC_WARN_UNUSED_FUNCTION = YES;
				GCC_WARN_UNUSED_VARIABLE = YES;
				IPHONEOS_DEPLOYMENT_TARGET = 10.1;
				MTL_ENABLE_DEBUG_INFO = NO;
				SDKROOT = iphoneos;
				SWIFT_OPTIMIZATION_LEVEL = "-Owholemodule";
				TARGETED_DEVICE_FAMILY = "1,2";
				VALIDATE_PRODUCT = YES;
			};
			name = Release;
		};
		29CFF8081E8A739C008F8FE8 /* Debug */ = {
			isa = XCBuildConfiguration;
			baseConfigurationReference = 58930104F0872760187F7634 /* Pods-FirebaseDemo.debug.xcconfig */;
			buildSettings = {
				ASSETCATALOG_COMPILER_APPICON_NAME = AppIcon;
				INFOPLIST_FILE = FirebaseDemo/Info.plist;
				LD_RUNPATH_SEARCH_PATHS = "$(inherited) @executable_path/Frameworks";
				PRODUCT_BUNDLE_IDENTIFIER = com.sa.FirebaseDemo;
				PRODUCT_NAME = "$(TARGET_NAME)";
				SWIFT_VERSION = 3.0;
			};
			name = Debug;
		};
		29CFF8091E8A739C008F8FE8 /* Release */ = {
			isa = XCBuildConfiguration;
			baseConfigurationReference = BDD36084E78540B5BAD66BA7 /* Pods-FirebaseDemo.release.xcconfig */;
			buildSettings = {
				ASSETCATALOG_COMPILER_APPICON_NAME = AppIcon;
				INFOPLIST_FILE = FirebaseDemo/Info.plist;
				LD_RUNPATH_SEARCH_PATHS = "$(inherited) @executable_path/Frameworks";
				PRODUCT_BUNDLE_IDENTIFIER = com.sa.FirebaseDemo;
				PRODUCT_NAME = "$(TARGET_NAME)";
				SWIFT_VERSION = 3.0;
			};
			name = Release;
		};
/* End XCBuildConfiguration section */

/* Begin XCConfigurationList section */
		29CFF7F01E8A739A008F8FE8 /* Build configuration list for PBXProject "FirebaseDemo" */ = {
			isa = XCConfigurationList;
			buildConfigurations = (
				29CFF8051E8A739C008F8FE8 /* Debug */,
				29CFF8061E8A739C008F8FE8 /* Release */,
			);
			defaultConfigurationIsVisible = 0;
			defaultConfigurationName = Release;
		};
		29CFF8071E8A739C008F8FE8 /* Build configuration list for PBXNativeTarget "FirebaseDemo" */ = {
			isa = XCConfigurationList;
			buildConfigurations = (
				29CFF8081E8A739C008F8FE8 /* Debug */,
				29CFF8091E8A739C008F8FE8 /* Release */,
			);
			defaultConfigurationIsVisible = 0;
			defaultConfigurationName = Release;
		};
/* End XCConfigurationList section */
	};
	rootObject = 29CFF7ED1E8A739A008F8FE8 /* Project object */;
}
